
Microsoft Visual Studio Solution File, Format Version 12.00
# Visual Studio Version 17
VisualStudioVersion = 17.10.35122.118
MinimumVisualStudioVersion = 10.0.40219.1
Project("{9A19103F-16F7-4668-BE54-9A1E7A4F7556}") = "RestaurantManager", "UI\RestaurantManager.csproj", "{40C9B71B-A549-4AB0-B62B-3ED19A376C3C}"
EndProject
Global
	GlobalSection(SolutionConfigurationPlatforms) = preSolution
		Debug|Any CPU = Debug|Any CPU
		Release|Any CPU = Release|Any CPU
	EndGlobalSection
	GlobalSection(ProjectConfigurationPlatforms) = postSolution
		{40C9B71B-A549-4AB0-B62B-3ED19A376C3C}.Debug|Any CPU.ActiveCfg = Debug|Any CPU
		{40C9B71B-A549-4AB0-B62B-3ED19A376C3C}.Debug|Any CPU.Build.0 = Debug|Any CPU
		{40C9B71B-A549-4AB0-B62B-3ED19A376C3C}.Release|Any CPU.ActiveCfg = Release|Any CPU
		{40C9B71B-A549-4AB0-B62B-3ED19A376C3C}.Release|Any CPU.Build.0 = Release|Any CPU
	EndGlobalSection
	GlobalSection(SolutionProperties) = preSolution
		HideSolutionNode = FALSE
	EndGlobalSection
	GlobalSection(ExtensibilityGlobals) = postSolution
		SolutionGuid = {8B5C4415-7590-49F9-BC46-966456F04CE7}
	EndGlobalSection
EndGlobal
